
Microsoft Visual Studio Solution File, Format Version 12.00
# Visual Studio Version 17
VisualStudioVersion = 17.7.34009.444
MinimumVisualStudioVersion = 10.0.40219.1
Project("{FAE04EC0-301F-11D3-BF4B-00C04F79EFBC}") = "Kitaplik", "Kitaplik\Kitaplik.csproj", "{FEACAC98-7C14-4712-8F6D-9A5006A065A1}"
EndProject
Global
	GlobalSection(SolutionConfigurationPlatforms) = preSolution
		Debug|Any CPU = Debug|Any CPU
		Release|Any CPU = Release|Any CPU
	EndGlobalSection
	GlobalSection(ProjectConfigurationPlatforms) = postSolution
		{FEACAC98-7C14-4712-8F6D-9A5006A065A1}.Debug|Any CPU.ActiveCfg = Debug|Any CPU
		{FEACAC98-7C14-4712-8F6D-9A5006A065A1}.Debug|Any CPU.Build.0 = Debug|Any CPU
		{FEACAC98-7C14-4712-8F6D-9A5006A065A1}.Release|Any CPU.ActiveCfg = Release|Any CPU
		{FEACAC98-7C14-4712-8F6D-9A5006A065A1}.Release|Any CPU.Build.0 = Release|Any CPU
	EndGlobalSection
	GlobalSection(SolutionProperties) = preSolution
		HideSolutionNode = FALSE
	EndGlobalSection
	GlobalSection(ExtensibilityGlobals) = postSolution
		SolutionGuid = {910B31E3-00CD-4F31-9A48-93E0BC90341C}
	EndGlobalSection
EndGlobal
